github.com/namikaze-dev/link v0.0.0-20230330081218-90c5b4206626 h1:UiUAYqvYJHUui9O09S+z60dxoFXBqc05gAsGs6QTpWk=
github.com/namikaze-dev/link v0.0.0-20230330081218-90c5b4206626/go.mod h1:8UFJ8kQ5HdCARPwswIRE/jc+EPJ3HjNHSl5fELMQc7M=
golang.org/x/net v0.8.0 h1:Zrh2ngAOFYneWTAIAPethzeaQLuHwhuBkuV6ZiRnUaQ=
golang.org/x/net v0.8.0/go.mod h1:QVkue5JL9kW//ek3r6jTKnTFis1tRmNAW2P1shuFdJc=
